{
  "name": "@writetome51/get-data-url",
  "version": "0.0.2",
  "lockfileVersion": 1,
  "requires": true,
  "dependencies": {
    "@writetome51/file-reader-service": {
      "version": "0.0.1",
      "resolved": "https://registry.npmjs.org/@writetome51/file-reader-service/-/file-reader-service-0.0.1.tgz",
      "integrity": "sha512-l3sDrQ06ABLzBVz0KwHPTHkF2tezeIOEg0Wm8xoczn5Acfph5+4KWjebKCWgDYrzVf5IjfBwXrNhxkib+ydsZA=="
    }
  }
}
