{
  "name": "@writetome51/get-data-url",
  "version": "1.0.0",
  "lockfileVersion": 1,
  "requires": true,
  "dependencies": {
    "@writetome51/file-reader-service": {
      "version": "1.0.0",
      "resolved": "https://registry.npmjs.org/@writetome51/file-reader-service/-/file-reader-service-1.0.0.tgz",
      "integrity": "sha512-ALjgBkbqE57MwYaO5zRxordZWkVn+4GifM69pRIVdP151fXxphU2eBVImY+oP8mZaL8TLecO1ADoVie2Aq/J6A=="
    }
  }
}
